
Microsoft Visual Studio Solution File, Format Version 12.00
# Visual Studio Version 16
VisualStudioVersion = 16.0.31005.135
MinimumVisualStudioVersion = 10.0.40219.1
Project("{FAE04EC0-301F-11D3-BF4B-00C04F79EFBC}") = "PizzaParadise.ConsoleUI", "PizzaParadise.ConsoleUI\PizzaParadise.ConsoleUI.csproj", "{3890FD0F-9646-4CAA-91D3-20E2F9DD9441}"
EndProject
Project("{FAE04EC0-301F-11D3-BF4B-00C04F79EFBC}") = "PizzaParadise.Library", "PizzaParadise.Library\PizzaParadise.Library.csproj", "{C78B6033-2C40-4D08-BBA3-BD484AFF7040}"
EndProject
Project("{FAE04EC0-301F-11D3-BF4B-00C04F79EFBC}") = "PizzaParadise.Tests", "PizzaParadise.Tests\PizzaParadise.Tests.csproj", "{34B7D04D-9D5E-4632-98F8-B40CDA1BEE9D}"
EndProject
Project("{FAE04EC0-301F-11D3-BF4B-00C04F79EFBC}") = "PizzaParadise.DAL", "PizzaParadise.DAL\PizzaParadise.DAL.csproj", "{33BE7EC9-CABE-41FC-B640-4A9ED51A2489}"
EndProject
Global
	GlobalSection(SolutionConfigurationPlatforms) = preSolution
		Debug|Any CPU = Debug|Any CPU
		Release|Any CPU = Release|Any CPU
	EndGlobalSection
	GlobalSection(ProjectConfigurationPlatforms) = postSolution
		{3890FD0F-9646-4CAA-91D3-20E2F9DD9441}.Debug|Any CPU.ActiveCfg = Debug|Any CPU
		{3890FD0F-9646-4CAA-91D3-20E2F9DD9441}.Debug|Any CPU.Build.0 = Debug|Any CPU
		{3890FD0F-9646-4CAA-91D3-20E2F9DD9441}.Release|Any CPU.ActiveCfg = Release|Any CPU
		{3890FD0F-9646-4CAA-91D3-20E2F9DD9441}.Release|Any CPU.Build.0 = Release|Any CPU
		{C78B6033-2C40-4D08-BBA3-BD484AFF7040}.Debug|Any CPU.ActiveCfg = Debug|Any CPU
		{C78B6033-2C40-4D08-BBA3-BD484AFF7040}.Debug|Any CPU.Build.0 = Debug|Any CPU
		{C78B6033-2C40-4D08-BBA3-BD484AFF7040}.Release|Any CPU.ActiveCfg = Release|Any CPU
		{C78B6033-2C40-4D08-BBA3-BD484AFF7040}.Release|Any CPU.Build.0 = Release|Any CPU
		{34B7D04D-9D5E-4632-98F8-B40CDA1BEE9D}.Debug|Any CPU.ActiveCfg = Debug|Any CPU
		{34B7D04D-9D5E-4632-98F8-B40CDA1BEE9D}.Debug|Any CPU.Build.0 = Debug|Any CPU
		{34B7D04D-9D5E-4632-98F8-B40CDA1BEE9D}.Release|Any CPU.ActiveCfg = Release|Any CPU
		{34B7D04D-9D5E-4632-98F8-B40CDA1BEE9D}.Release|Any CPU.Build.0 = Release|Any CPU
		{33BE7EC9-CABE-41FC-B640-4A9ED51A2489}.Debug|Any CPU.ActiveCfg = Debug|Any CPU
		{33BE7EC9-CABE-41FC-B640-4A9ED51A2489}.Debug|Any CPU.Build.0 = Debug|Any CPU
		{33BE7EC9-CABE-41FC-B640-4A9ED51A2489}.Release|Any CPU.ActiveCfg = Release|Any CPU
		{33BE7EC9-CABE-41FC-B640-4A9ED51A2489}.Release|Any CPU.Build.0 = Release|Any CPU
	EndGlobalSection
	GlobalSection(SolutionProperties) = preSolution
		HideSolutionNode = FALSE
	EndGlobalSection
	GlobalSection(ExtensibilityGlobals) = postSolution
		SolutionGuid = {1A79BBA1-F9AF-426F-8D84-0765F48D41D0}
	EndGlobalSection
EndGlobal
